
Microsoft Visual Studio Solution File, Format Version 12.00
# Visual Studio Version 16
VisualStudioVersion = 16.0.30114.105
MinimumVisualStudioVersion = 10.0.40219.1
Project("{FAE04EC0-301F-11D3-BF4B-00C04F79EFBC}") = "Project0.StoreApplication.Client", "Project0.StoreApplication.Client\Project0.StoreApplication.Client.csproj", "{66E2FAAC-B48B-426F-9093-FDD5DC53031A}"
EndProject
Project("{FAE04EC0-301F-11D3-BF4B-00C04F79EFBC}") = "Project0.StoreApplication.Domain", "Project0.StoreApplication.Domain\Project0.StoreApplication.Domain.csproj", "{98C29078-7322-44AD-9B25-845FD3B98063}"
EndProject
Project("{FAE04EC0-301F-11D3-BF4B-00C04F79EFBC}") = "Project0.StoreApplication.Storage", "Project0.StoreApplication.Storage\Project0.StoreApplication.Storage.csproj", "{24752DBA-D7A1-4B22-9158-5903626E0B1E}"
EndProject
Global
	GlobalSection(SolutionConfigurationPlatforms) = preSolution
		Debug|Any CPU = Debug|Any CPU
		Debug|x64 = Debug|x64
		Debug|x86 = Debug|x86
		Release|Any CPU = Release|Any CPU
		Release|x64 = Release|x64
		Release|x86 = Release|x86
	EndGlobalSection
	GlobalSection(SolutionProperties) = preSolution
		HideSolutionNode = FALSE
	EndGlobalSection
	GlobalSection(ProjectConfigurationPlatforms) = postSolution
		{66E2FAAC-B48B-426F-9093-FDD5DC53031A}.Debug|Any CPU.ActiveCfg = Debug|Any CPU
		{66E2FAAC-B48B-426F-9093-FDD5DC53031A}.Debug|Any CPU.Build.0 = Debug|Any CPU
		{66E2FAAC-B48B-426F-9093-FDD5DC53031A}.Debug|x64.ActiveCfg = Debug|Any CPU
		{66E2FAAC-B48B-426F-9093-FDD5DC53031A}.Debug|x64.Build.0 = Debug|Any CPU
		{66E2FAAC-B48B-426F-9093-FDD5DC53031A}.Debug|x86.ActiveCfg = Debug|Any CPU
		{66E2FAAC-B48B-426F-9093-FDD5DC53031A}.Debug|x86.Build.0 = Debug|Any CPU
		{66E2FAAC-B48B-426F-9093-FDD5DC53031A}.Release|Any CPU.ActiveCfg = Release|Any CPU
		{66E2FAAC-B48B-426F-9093-FDD5DC53031A}.Release|Any CPU.Build.0 = Release|Any CPU
		{66E2FAAC-B48B-426F-9093-FDD5DC53031A}.Release|x64.ActiveCfg = Release|Any CPU
		{66E2FAAC-B48B-426F-9093-FDD5DC53031A}.Release|x64.Build.0 = Release|Any CPU
		{66E2FAAC-B48B-426F-9093-FDD5DC53031A}.Release|x86.ActiveCfg = Release|Any CPU
		{66E2FAAC-B48B-426F-9093-FDD5DC53031A}.Release|x86.Build.0 = Release|Any CPU
		{98C29078-7322-44AD-9B25-845FD3B98063}.Debug|Any CPU.ActiveCfg = Debug|Any CPU
		{98C29078-7322-44AD-9B25-845FD3B98063}.Debug|Any CPU.Build.0 = Debug|Any CPU
		{98C29078-7322-44AD-9B25-845FD3B98063}.Debug|x64.ActiveCfg = Debug|Any CPU
		{98C29078-7322-44AD-9B25-845FD3B98063}.Debug|x64.Build.0 = Debug|Any CPU
		{98C29078-7322-44AD-9B25-845FD3B98063}.Debug|x86.ActiveCfg = Debug|Any CPU
		{98C29078-7322-44AD-9B25-845FD3B98063}.Debug|x86.Build.0 = Debug|Any CPU
		{98C29078-7322-44AD-9B25-845FD3B98063}.Release|Any CPU.ActiveCfg = Release|Any CPU
		{98C29078-7322-44AD-9B25-845FD3B98063}.Release|Any CPU.Build.0 = Release|Any CPU
		{98C29078-7322-44AD-9B25-845FD3B98063}.Release|x64.ActiveCfg = Release|Any CPU
		{98C29078-7322-44AD-9B25-845FD3B98063}.Release|x64.Build.0 = Release|Any CPU
		{98C29078-7322-44AD-9B25-845FD3B98063}.Release|x86.ActiveCfg = Release|Any CPU
		{98C29078-7322-44AD-9B25-845FD3B98063}.Release|x86.Build.0 = Release|Any CPU
		{24752DBA-D7A1-4B22-9158-5903626E0B1E}.Debug|Any CPU.ActiveCfg = Debug|Any CPU
		{24752DBA-D7A1-4B22-9158-5903626E0B1E}.Debug|Any CPU.Build.0 = Debug|Any CPU
		{24752DBA-D7A1-4B22-9158-5903626E0B1E}.Debug|x64.ActiveCfg = Debug|Any CPU
		{24752DBA-D7A1-4B22-9158-5903626E0B1E}.Debug|x64.Build.0 = Debug|Any CPU
		{24752DBA-D7A1-4B22-9158-5903626E0B1E}.Debug|x86.ActiveCfg = Debug|Any CPU
		{24752DBA-D7A1-4B22-9158-5903626E0B1E}.Debug|x86.Build.0 = Debug|Any CPU
		{24752DBA-D7A1-4B22-9158-5903626E0B1E}.Release|Any CPU.ActiveCfg = Release|Any CPU
		{24752DBA-D7A1-4B22-9158-5903626E0B1E}.Release|Any CPU.Build.0 = Release|Any CPU
		{24752DBA-D7A1-4B22-9158-5903626E0B1E}.Release|x64.ActiveCfg = Release|Any CPU
		{24752DBA-D7A1-4B22-9158-5903626E0B1E}.Release|x64.Build.0 = Release|Any CPU
		{24752DBA-D7A1-4B22-9158-5903626E0B1E}.Release|x86.ActiveCfg = Release|Any CPU
		{24752DBA-D7A1-4B22-9158-5903626E0B1E}.Release|x86.Build.0 = Release|Any CPU
	EndGlobalSection
EndGlobal
